
Microsoft Visual Studio Solution File, Format Version 12.00
# Visual Studio Version 17
VisualStudioVersion = 17.6.33829.357
MinimumVisualStudioVersion = 10.0.40219.1
Project("{2150E333-8FDC-42A3-9474-1A3956D46DE8}") = "src", "src", "{4268E521-B8B8-40E4-9743-B5635FA9A62C}"
EndProject
Project("{9A19103F-16F7-4668-BE54-9A1E7A4F7556}") = "Photify.Application", "src\Photify.Application\Photify.Application.csproj", "{BD507AAD-3CD9-4676-B59B-59C5B3AADC06}"
EndProject
Project("{9A19103F-16F7-4668-BE54-9A1E7A4F7556}") = "Photify.Domain", "src\Photify.Domain\Photify.Domain.csproj", "{1C57E9EA-60E9-48EC-8CEC-0B2E47896EED}"
EndProject
Project("{9A19103F-16F7-4668-BE54-9A1E7A4F7556}") = "Photify.Infrastructure", "src\Photify.Infrastructure\Photify.Infrastructure.csproj", "{655DC930-3F48-497E-A907-096CC8D159DE}"
EndProject
Project("{9A19103F-16F7-4668-BE54-9A1E7A4F7556}") = "Photify.Server", "src\Photify.Server\Photify.Server.csproj", "{BCD742F4-A6FF-4293-A45E-13F63F67350E}"
EndProject
Project("{9A19103F-16F7-4668-BE54-9A1E7A4F7556}") = "Photify.Migrations.SQLite", "src\Photify.Migrations.SQLite\Photify.Migrations.SQLite.csproj", "{653FA294-3550-4FAD-A4D3-3EDB0C005088}"
EndProject
Project("{9A19103F-16F7-4668-BE54-9A1E7A4F7556}") = "Photify.Migrations.PostgreSQL", "src\Photify.Migrations.PostgreSQL\Photify.Migrations.PostgreSQL.csproj", "{159E8B55-4C3F-496B-8221-FE3A118EDEA7}"
EndProject
Project("{FAE04EC0-301F-11D3-BF4B-00C04F79EFBC}") = "Photify.FileProcessor", "src\Photify.FileProcessor\Photify.FileProcessor.csproj", "{FB37D99F-32C6-427A-97D9-65B86DD805BF}"
EndProject
Global
	GlobalSection(SolutionConfigurationPlatforms) = preSolution
		Debug|Any CPU = Debug|Any CPU
		Release|Any CPU = Release|Any CPU
	EndGlobalSection
	GlobalSection(ProjectConfigurationPlatforms) = postSolution
		{BD507AAD-3CD9-4676-B59B-59C5B3AADC06}.Debug|Any CPU.ActiveCfg = Debug|Any CPU
		{BD507AAD-3CD9-4676-B59B-59C5B3AADC06}.Debug|Any CPU.Build.0 = Debug|Any CPU
		{BD507AAD-3CD9-4676-B59B-59C5B3AADC06}.Release|Any CPU.ActiveCfg = Release|Any CPU
		{BD507AAD-3CD9-4676-B59B-59C5B3AADC06}.Release|Any CPU.Build.0 = Release|Any CPU
		{1C57E9EA-60E9-48EC-8CEC-0B2E47896EED}.Debug|Any CPU.ActiveCfg = Debug|Any CPU
		{1C57E9EA-60E9-48EC-8CEC-0B2E47896EED}.Debug|Any CPU.Build.0 = Debug|Any CPU
		{1C57E9EA-60E9-48EC-8CEC-0B2E47896EED}.Release|Any CPU.ActiveCfg = Release|Any CPU
		{1C57E9EA-60E9-48EC-8CEC-0B2E47896EED}.Release|Any CPU.Build.0 = Release|Any CPU
		{655DC930-3F48-497E-A907-096CC8D159DE}.Debug|Any CPU.ActiveCfg = Debug|Any CPU
		{655DC930-3F48-497E-A907-096CC8D159DE}.Debug|Any CPU.Build.0 = Debug|Any CPU
		{655DC930-3F48-497E-A907-096CC8D159DE}.Release|Any CPU.ActiveCfg = Release|Any CPU
		{655DC930-3F48-497E-A907-096CC8D159DE}.Release|Any CPU.Build.0 = Release|Any CPU
		{BCD742F4-A6FF-4293-A45E-13F63F67350E}.Debug|Any CPU.ActiveCfg = Debug|Any CPU
		{BCD742F4-A6FF-4293-A45E-13F63F67350E}.Debug|Any CPU.Build.0 = Debug|Any CPU
		{BCD742F4-A6FF-4293-A45E-13F63F67350E}.Release|Any CPU.ActiveCfg = Release|Any CPU
		{BCD742F4-A6FF-4293-A45E-13F63F67350E}.Release|Any CPU.Build.0 = Release|Any CPU
		{653FA294-3550-4FAD-A4D3-3EDB0C005088}.Debug|Any CPU.ActiveCfg = Debug|Any CPU
		{653FA294-3550-4FAD-A4D3-3EDB0C005088}.Debug|Any CPU.Build.0 = Debug|Any CPU
		{653FA294-3550-4FAD-A4D3-3EDB0C005088}.Release|Any CPU.ActiveCfg = Release|Any CPU
		{653FA294-3550-4FAD-A4D3-3EDB0C005088}.Release|Any CPU.Build.0 = Release|Any CPU
		{159E8B55-4C3F-496B-8221-FE3A118EDEA7}.Debug|Any CPU.ActiveCfg = Debug|Any CPU
		{159E8B55-4C3F-496B-8221-FE3A118EDEA7}.Debug|Any CPU.Build.0 = Debug|Any CPU
		{159E8B55-4C3F-496B-8221-FE3A118EDEA7}.Release|Any CPU.ActiveCfg = Release|Any CPU
		{159E8B55-4C3F-496B-8221-FE3A118EDEA7}.Release|Any CPU.Build.0 = Release|Any CPU
		{FB37D99F-32C6-427A-97D9-65B86DD805BF}.Debug|Any CPU.ActiveCfg = Debug|Any CPU
		{FB37D99F-32C6-427A-97D9-65B86DD805BF}.Debug|Any CPU.Build.0 = Debug|Any CPU
		{FB37D99F-32C6-427A-97D9-65B86DD805BF}.Release|Any CPU.ActiveCfg = Release|Any CPU
		{FB37D99F-32C6-427A-97D9-65B86DD805BF}.Release|Any CPU.Build.0 = Release|Any CPU
	EndGlobalSection
	GlobalSection(SolutionProperties) = preSolution
		HideSolutionNode = FALSE
	EndGlobalSection
	GlobalSection(NestedProjects) = preSolution
		{BD507AAD-3CD9-4676-B59B-59C5B3AADC06} = {4268E521-B8B8-40E4-9743-B5635FA9A62C}
		{1C57E9EA-60E9-48EC-8CEC-0B2E47896EED} = {4268E521-B8B8-40E4-9743-B5635FA9A62C}
		{655DC930-3F48-497E-A907-096CC8D159DE} = {4268E521-B8B8-40E4-9743-B5635FA9A62C}
		{BCD742F4-A6FF-4293-A45E-13F63F67350E} = {4268E521-B8B8-40E4-9743-B5635FA9A62C}
		{653FA294-3550-4FAD-A4D3-3EDB0C005088} = {4268E521-B8B8-40E4-9743-B5635FA9A62C}
		{159E8B55-4C3F-496B-8221-FE3A118EDEA7} = {4268E521-B8B8-40E4-9743-B5635FA9A62C}
		{FB37D99F-32C6-427A-97D9-65B86DD805BF} = {4268E521-B8B8-40E4-9743-B5635FA9A62C}
	EndGlobalSection
	GlobalSection(ExtensibilityGlobals) = postSolution
		SolutionGuid = {95139A1E-4A49-45E9-854C-3AC0F3FADAEC}
	EndGlobalSection
EndGlobal
